
Microsoft Visual Studio Solution File, Format Version 12.00
# Visual Studio 14
VisualStudioVersion = 14.0.25420.1
MinimumVisualStudioVersion = 10.0.40219.1
Project("{FAE04EC0-301F-11D3-BF4B-00C04F79EFBC}") = "PBService", "PBService\PBService.csproj", "{976B9E6E-65F2-4711-8B48-04CE7AF78BD6}"
EndProject
Project("{FAE04EC0-301F-11D3-BF4B-00C04F79EFBC}") = "PBService.Tests", "PBService.Tests\PBService.Tests.csproj", "{6AB76FF5-045A-4C58-BEB9-C89977DC4C64}"
EndProject
Global
	GlobalSection(SolutionConfigurationPlatforms) = preSolution
		Debug|Any CPU = Debug|Any CPU
		Release|Any CPU = Release|Any CPU
	EndGlobalSection
	GlobalSection(ProjectConfigurationPlatforms) = postSolution
		{976B9E6E-65F2-4711-8B48-04CE7AF78BD6}.Debug|Any CPU.ActiveCfg = Debug|Any CPU
		{976B9E6E-65F2-4711-8B48-04CE7AF78BD6}.Debug|Any CPU.Build.0 = Debug|Any CPU
		{976B9E6E-65F2-4711-8B48-04CE7AF78BD6}.Release|Any CPU.ActiveCfg = Release|Any CPU
		{976B9E6E-65F2-4711-8B48-04CE7AF78BD6}.Release|Any CPU.Build.0 = Release|Any CPU
		{6AB76FF5-045A-4C58-BEB9-C89977DC4C64}.Debug|Any CPU.ActiveCfg = Debug|Any CPU
		{6AB76FF5-045A-4C58-BEB9-C89977DC4C64}.Debug|Any CPU.Build.0 = Debug|Any CPU
		{6AB76FF5-045A-4C58-BEB9-C89977DC4C64}.Release|Any CPU.ActiveCfg = Release|Any CPU
		{6AB76FF5-045A-4C58-BEB9-C89977DC4C64}.Release|Any CPU.Build.0 = Release|Any CPU
	EndGlobalSection
	GlobalSection(SolutionProperties) = preSolution
		HideSolutionNode = FALSE
	EndGlobalSection
EndGlobal
